
Microsoft Visual Studio Solution File, Format Version 12.00
# Visual Studio Version 16
VisualStudioVersion = 16.0.30204.135
MinimumVisualStudioVersion = 10.0.40219.1
Project("{FAE04EC0-301F-11D3-BF4B-00C04F79EFBC}") = "poc-sikuli", "poc-sikuli\poc-sikuli.csproj", "{2875C34E-D137-400C-963B-B501C40BE339}"
EndProject
Global
	GlobalSection(SolutionConfigurationPlatforms) = preSolution
		Debug|Any CPU = Debug|Any CPU
		Release|Any CPU = Release|Any CPU
	EndGlobalSection
	GlobalSection(ProjectConfigurationPlatforms) = postSolution
		{2875C34E-D137-400C-963B-B501C40BE339}.Debug|Any CPU.ActiveCfg = Debug|Any CPU
		{2875C34E-D137-400C-963B-B501C40BE339}.Debug|Any CPU.Build.0 = Debug|Any CPU
		{2875C34E-D137-400C-963B-B501C40BE339}.Release|Any CPU.ActiveCfg = Release|Any CPU
		{2875C34E-D137-400C-963B-B501C40BE339}.Release|Any CPU.Build.0 = Release|Any CPU
	EndGlobalSection
	GlobalSection(SolutionProperties) = preSolution
		HideSolutionNode = FALSE
	EndGlobalSection
	GlobalSection(ExtensibilityGlobals) = postSolution
		SolutionGuid = {8CA2F977-633C-4E3E-A2DF-FD35DCE79D9C}
	EndGlobalSection
EndGlobal
